
Microsoft Visual Studio Solution File, Format Version 12.00
# Visual Studio 15
VisualStudioVersion = 15.0.28307.1022
MinimumVisualStudioVersion = 10.0.40219.1
Project("{FAE04EC0-301F-11D3-BF4B-00C04F79EFBC}") = "AscendingTree", "AscendingTree\AscendingTree.csproj", "{D0215E64-6004-45A1-81A6-0DAF4F0F6033}"
EndProject
Global
	GlobalSection(SolutionConfigurationPlatforms) = preSolution
		Debug|Any CPU = Debug|Any CPU
		Release|Any CPU = Release|Any CPU
	EndGlobalSection
	GlobalSection(ProjectConfigurationPlatforms) = postSolution
		{D0215E64-6004-45A1-81A6-0DAF4F0F6033}.Debug|Any CPU.ActiveCfg = Debug|Any CPU
		{D0215E64-6004-45A1-81A6-0DAF4F0F6033}.Debug|Any CPU.Build.0 = Debug|Any CPU
		{D0215E64-6004-45A1-81A6-0DAF4F0F6033}.Release|Any CPU.ActiveCfg = Release|Any CPU
		{D0215E64-6004-45A1-81A6-0DAF4F0F6033}.Release|Any CPU.Build.0 = Release|Any CPU
	EndGlobalSection
	GlobalSection(SolutionProperties) = preSolution
		HideSolutionNode = FALSE
	EndGlobalSection
	GlobalSection(ExtensibilityGlobals) = postSolution
		SolutionGuid = {66423FE8-8838-4F08-A040-2129C81F62CC}
	EndGlobalSection
EndGlobal
